
Microsoft Visual Studio Solution File, Format Version 12.00
# Visual Studio Version 17
VisualStudioVersion = 17.1.32328.378
MinimumVisualStudioVersion = 10.0.40219.1
Project("{FAE04EC0-301F-11D3-BF4B-00C04F79EFBC}") = "TicTacToeApp", "TicTacToeApp\TicTacToeApp.csproj", "{DCD0A251-CB5E-44C7-A54E-89CE7B504D54}"
EndProject
Global
	GlobalSection(SolutionConfigurationPlatforms) = preSolution
		Debug|Any CPU = Debug|Any CPU
		Release|Any CPU = Release|Any CPU
	EndGlobalSection
	GlobalSection(ProjectConfigurationPlatforms) = postSolution
		{DCD0A251-CB5E-44C7-A54E-89CE7B504D54}.Debug|Any CPU.ActiveCfg = Debug|Any CPU
		{DCD0A251-CB5E-44C7-A54E-89CE7B504D54}.Debug|Any CPU.Build.0 = Debug|Any CPU
		{DCD0A251-CB5E-44C7-A54E-89CE7B504D54}.Release|Any CPU.ActiveCfg = Release|Any CPU
		{DCD0A251-CB5E-44C7-A54E-89CE7B504D54}.Release|Any CPU.Build.0 = Release|Any CPU
	EndGlobalSection
	GlobalSection(SolutionProperties) = preSolution
		HideSolutionNode = FALSE
	EndGlobalSection
	GlobalSection(ExtensibilityGlobals) = postSolution
		SolutionGuid = {672FED41-83A6-4946-B04F-1E674FB5A88E}
	EndGlobalSection
EndGlobal
